{
  "version": 4,
  "terraform_version": "1.9.5",
  "serial": 1,
  "lineage": "61fbf7d0-0d98-a555-e600-223595de324b",
  "outputs": {},
  "resources": [
    {
      "mode": "managed",
      "type": "local_file",
      "name": "pet",
      "provider": "provider[\"registry.terraform.io/hashicorp/local\"]",
      "instances": [
        {
          "schema_version": 0,
          "attributes": {
            "content": "aqui se juega asi, vete aprender otras cosas y deja a todos tranquilos",
            "content_base64": null,
            "content_base64sha256": "eIREpKnLtdractqf3shTrRszE18OTEMEpjfUhZKAiIs=",
            "content_base64sha512": "SOcOcX9kp3ApqIYyFo+vEnS93oF9pU0VvHmmlC0fceq7NwFMPu9zl/+mtllGyXxJzYRsYqx1gvGA0Q6LxTNk0g==",
            "content_md5": "4d5e587cd0ce5bf439103d5e14d03b67",
            "content_sha1": "eb21d2886c4660ede39c07d031d26c1364b428e3",
            "content_sha256": "788444a4a9cbb5dada72da9fdec853ad1b33135f0e4c4304a637d4859280888b",
            "content_sha512": "48e70e717f64a77029a88632168faf1274bdde817da54d15bc79a6942d1f71eabb37014c3eef7397ffa6b65946c97c49cd846c62ac7582f180d10e8bc53364d2",
            "directory_permission": "0777",
            "file_permission": "0777",
            "filename": "C:/Users/marti/Desktop/test/raul.txt",
            "id": "eb21d2886c4660ede39c07d031d26c1364b428e3",
            "sensitive_content": null,
            "source": null
          },
          "sensitive_attributes": [
            [
              {
                "type": "get_attr",
                "value": "sensitive_content"
              }
            ]
          ]
        }
      ]
    }
  ],
  "check_results": null
}
